Microsoft Visual Studio Solution File, Format Version 12.00
# Visual Studio Version 17
VisualStudioVersion = 17.13.35931.197
MinimumVisualStudioVersion = 10.0.40219.1
Project("{FAE04EC0-301F-11D3-BF4B-00C04F79EFBC}") = "EjerciciosCs", "EjerciciosCs\EjerciciosCs.csproj", "{4A1D3228-426D-4AFF-ABC2-6B556ED593EE}"
EndProject
Global
	GlobalSection(SolutionConfigurationPlatforms) = preSolution
		Debug|Any CPU = Debug|Any CPU
		Release|Any CPU = Release|Any CPU
	EndGlobalSection
	GlobalSection(ProjectConfigurationPlatforms) = postSolution
		{4A1D3228-426D-4AFF-ABC2-6B556ED593EE}.Debug|Any CPU.ActiveCfg = Debug|Any CPU
		{4A1D3228-426D-4AFF-ABC2-6B556ED593EE}.Debug|Any CPU.Build.0 = Debug|Any CPU
		{4A1D3228-426D-4AFF-ABC2-6B556ED593EE}.Release|Any CPU.ActiveCfg = Release|Any CPU
		{4A1D3228-426D-4AFF-ABC2-6B556ED593EE}.Release|Any CPU.Build.0 = Release|Any CPU
	EndGlobalSection
	GlobalSection(SolutionProperties) = preSolution
		HideSolutionNode = FALSE
	EndGlobalSection
	GlobalSection(ExtensibilityGlobals) = postSolution
		SolutionGuid = {D17FFC72-C3E4-4428-BF8A-D414637A5525}
	EndGlobalSection
EndGlobal
